
Microsoft Visual Studio Solution File, Format Version 12.00
# Visual Studio 15
VisualStudioVersion = 15.0.28307.902
MinimumVisualStudioVersion = 10.0.40219.1
Project("{FAE04EC0-301F-11D3-BF4B-00C04F79EFBC}") = "Codematers.Test", "Codematers.Test\Codematers.Test.csproj", "{6A38C470-41C2-4E86-9AAC-3C8EBA184876}"
EndProject
Global
	GlobalSection(SolutionConfigurationPlatforms) = preSolution
		Debug|Any CPU = Debug|Any CPU
		Release|Any CPU = Release|Any CPU
	EndGlobalSection
	GlobalSection(ProjectConfigurationPlatforms) = postSolution
		{6A38C470-41C2-4E86-9AAC-3C8EBA184876}.Debug|Any CPU.ActiveCfg = Debug|Any CPU
		{6A38C470-41C2-4E86-9AAC-3C8EBA184876}.Debug|Any CPU.Build.0 = Debug|Any CPU
		{6A38C470-41C2-4E86-9AAC-3C8EBA184876}.Release|Any CPU.ActiveCfg = Release|Any CPU
		{6A38C470-41C2-4E86-9AAC-3C8EBA184876}.Release|Any CPU.Build.0 = Release|Any CPU
	EndGlobalSection
	GlobalSection(SolutionProperties) = preSolution
		HideSolutionNode = FALSE
	EndGlobalSection
	GlobalSection(ExtensibilityGlobals) = postSolution
		SolutionGuid = {B7F4FF3A-B00C-41E0-871A-676D44E1DA87}
	EndGlobalSection
EndGlobal
